// !$*UTF8*$!
{
	archiveVersion = 1;
	classes = {
	};
	objectVersion = 77;
	objects = {

/* Begin PBXContainerItemProxy section */
		53AA04962D72854C00D8D0D6 /* PBXContainerItemProxy */ = {
			isa = PBXContainerItemProxy;
			containerPortal = 53AA047D2D72854900D8D0D6 /* Project object */;
			proxyType = 1;
			remoteGlobalIDString = 53AA04842D72854900D8D0D6;
			remoteInfo = AnimalQuiz;
		};
		53AA04A02D72854C00D8D0D6 /* PBXContainerItemProxy */ = {
			isa = PBXContainerItemProxy;
			containerPortal = 53AA047D2D72854900D8D0D6 /* Project object */;
			proxyType = 1;
			remoteGlobalIDString = 53AA04842D72854900D8D0D6;
			remoteInfo = AnimalQuiz;
		};
/* End PBXContainerItemProxy section */

/* Begin PBXFileReference section */
		53AA04852D72854900D8D0D6 /* AnimalQuiz.app */ = {isa = PBXFileReference; explicitFileType = wrapper.application; includeInIndex = 0; path = AnimalQuiz.app; sourceTree = BUILT_PRODUCTS_DIR; };
		53AA04952D72854C00D8D0D6 /* AnimalQuizTests.xctest */ = {isa = PBXFileReference; explicitFileType = wrapper.cfbundle; includeInIndex = 0; path = AnimalQuizTests.xctest; sourceTree = BUILT_PRODUCTS_DIR; };
		53AA049F2D72854C00D8D0D6 /* AnimalQuizUITests.xctest */ = {isa = PBXFileReference; explicitFileType = wrapper.cfbundle; includeInIndex = 0; path = AnimalQuizUITests.xctest; sourceTree = BUILT_PRODUCTS_DIR; };
/* End PBXFileReference section */

/* Begin PBXFileSystemSynchronizedRootGroup section */
		53AA04872D72854900D8D0D6 /* AnimalQuiz */ = {
			isa = PBXFileSystemSynchronizedRootGroup;
			path = AnimalQuiz;
			sourceTree = "<group>";
		};
		53AA04982D72854C00D8D0D6 /* AnimalQuizTests */ = {
			isa = PBXFileSystemSynchronizedRootGroup;
			path = AnimalQuizTests;
			sourceTree = "<group>";
		};
		53AA04A22D72854C00D8D0D6 /* AnimalQuizUITests */ = {
			isa = PBXFileSystemSynchronizedRootGroup;
			path = AnimalQuizUITests;
			sourceTree = "<group>";
		};
/* End PBXFileSystemSynchronizedRootGroup section */

/* Begin PBXFrameworksBuildPhase section */
		53AA04822D72854900D8D0D6 /* Frameworks */ = {
			isa = PBXFrameworksBuildPhase;
			buildActionMask = 2147483647;
			files = (
			);
			runOnlyForDeploymentPostprocessing = 0;
		};
		53AA04922D72854C00D8D0D6 /* Frameworks */ = {
			isa = PBXFrameworksBuildPhase;
			buildActionMask = 2147483647;
			files = (
			);
			runOnlyForDeploymentPostprocessing = 0;
		};
		53AA049C2D72854C00D8D0D6 /* Frameworks */ = {
			isa = PBXFrameworksBuildPhase;
			buildActionMask = 2147483647;
			files = (
			);
			runOnlyForDeploymentPostprocessing = 0;
		};
/* End PBXFrameworksBuildPhase section */

/* Begin PBXGroup section */
		53AA047C2D72854900D8D0D6 = {
			isa = PBXGroup;
			children = (
				53AA04872D72854900D8D0D6 /* AnimalQuiz */,
				53AA04982D72854C00D8D0D6 /* AnimalQuizTests */,
				53AA04A22D72854C00D8D0D6 /* AnimalQuizUITests */,
				53AA04862D72854900D8D0D6 /* Products */,
			);
			sourceTree = "<group>";
		};
		53AA04862D72854900D8D0D6 /* Products */ = {
			isa = PBXGroup;
			children = (
				53AA04852D72854900D8D0D6 /* AnimalQuiz.app */,
				53AA04952D72854C00D8D0D6 /* AnimalQuizTests.xctest */,
				53AA049F2D72854C00D8D0D6 /* AnimalQuizUITests.xctest */,
			);
			name = Products;
			sourceTree = "<group>";
		};
/* End PBXGroup section */

/* Begin PBXNativeTarget section */
		53AA04842D72854900D8D0D6 /* AnimalQuiz */ = {
			isa = PBXNativeTarget;
			buildConfigurationList = 53AA04A92D72854C00D8D0D6 /* Build configuration list for PBXNativeTarget "AnimalQuiz" */;
			buildPhases = (
				53AA04812D72854900D8D0D6 /* Sources */,
				53AA04822D72854900D8D0D6 /* Frameworks */,
				53AA04832D72854900D8D0D6 /* Resources */,
			);
			buildRules = (
			);
			dependencies = (
			);
			fileSystemSynchronizedGroups = (
				53AA04872D72854900D8D0D6 /* AnimalQuiz */,
			);
			name = AnimalQuiz;
			packageProductDependencies = (
			);
			productName = AnimalQuiz;
			productReference = 53AA04852D72854900D8D0D6 /* AnimalQuiz.app */;
			productType = "com.apple.product-type.application";
		};
		53AA04942D72854C00D8D0D6 /* AnimalQuizTests */ = {
			isa = PBXNativeTarget;
			buildConfigurationList = 53AA04AC2D72854C00D8D0D6 /* Build configuration list for PBXNativeTarget "AnimalQuizTests" */;
			buildPhases = (
				53AA04912D72854C00D8D0D6 /* Sources */,
				53AA04922D72854C00D8D0D6 /* Frameworks */,
				53AA04932D72854C00D8D0D6 /* Resources */,
			);
			buildRules = (
			);
			dependencies = (
				53AA04972D72854C00D8D0D6 /* PBXTargetDependency */,
			);
			fileSystemSynchronizedGroups = (
				53AA04982D72854C00D8D0D6 /* AnimalQuizTests */,
			);
			name = AnimalQuizTests;
			packageProductDependencies = (
			);
			productName = AnimalQuizTests;
			productReference = 53AA04952D72854C00D8D0D6 /* AnimalQuizTests.xctest */;
			productType = "com.apple.product-type.bundle.unit-test";
		};
		53AA049E2D72854C00D8D0D6 /* AnimalQuizUITests */ = {
			isa = PBXNativeTarget;
			buildConfigurationList = 53AA04AF2D72854C00D8D0D6 /* Build configuration list for PBXNativeTarget "AnimalQuizUITests" */;
			buildPhases = (
				53AA049B2D72854C00D8D0D6 /* Sources */,
				53AA049C2D72854C00D8D0D6 /* Frameworks */,
				53AA049D2D72854C00D8D0D6 /* Resources */,
			);
			buildRules = (
			);
			dependencies = (
				53AA04A12D72854C00D8D0D6 /* PBXTargetDependency */,
			);
			fileSystemSynchronizedGroups = (
				53AA04A22D72854C00D8D0D6 /* AnimalQuizUITests */,
			);
			name = AnimalQuizUITests;
			packageProductDependencies = (
			);
			productName = AnimalQuizUITests;
			productReference = 53AA049F2D72854C00D8D0D6 /* AnimalQuizUITests.xctest */;
			productType = "com.apple.product-type.bundle.ui-testing";
		};
/* End PBXNativeTarget section */

/* Begin PBXProject section */
		53AA047D2D72854900D8D0D6 /* Project object */ = {
			isa = PBXProject;
			attributes = {
				BuildIndependentTargetsInParallel = 1;
				LastSwiftUpdateCheck = 1620;
				LastUpgradeCheck = 1620;
				TargetAttributes = {
					53AA04842D72854900D8D0D6 = {
						CreatedOnToolsVersion = 16.2;
					};
					53AA04942D72854C00D8D0D6 = {
						CreatedOnToolsVersion = 16.2;
						TestTargetID = 53AA04842D72854900D8D0D6;
					};
					53AA049E2D72854C00D8D0D6 = {
						CreatedOnToolsVersion = 16.2;
						TestTargetID = 53AA04842D72854900D8D0D6;
					};
				};
			};
			buildConfigurationList = 53AA04802D72854900D8D0D6 /* Build configuration list for PBXProject "AnimalQuiz" */;
			developmentRegion = en;
			hasScannedForEncodings = 0;
			knownRegions = (
				en,
				Base,
			);
			mainGroup = 53AA047C2D72854900D8D0D6;
			minimizedProjectReferenceProxies = 1;
			preferredProjectObjectVersion = 77;
			productRefGroup = 53AA04862D72854900D8D0D6 /* Products */;
			projectDirPath = "";
			projectRoot = "";
			targets = (
				53AA04842D72854900D8D0D6 /* AnimalQuiz */,
				53AA04942D72854C00D8D0D6 /* AnimalQuizTests */,
				53AA049E2D72854C00D8D0D6 /* AnimalQuizUITests */,
			);
		};
/* End PBXProject section */

/* Begin PBXResourcesBuildPhase section */
		53AA04832D72854900D8D0D6 /* Resources */ = {
			isa = PBXResourcesBuildPhase;
			buildActionMask = 2147483647;
			files = (
			);
			runOnlyForDeploymentPostprocessing = 0;
		};
		53AA04932D72854C00D8D0D6 /* Resources */ = {
			isa = PBXResourcesBuildPhase;
			buildActionMask = 2147483647;
			files = (
			);
			runOnlyForDeploymentPostprocessing = 0;
		};
		53AA049D2D72854C00D8D0D6 /* Resources */ = {
			isa = PBXResourcesBuildPhase;
			buildActionMask = 2147483647;
			files = (
			);
			runOnlyForDeploymentPostprocessing = 0;
		};
/* End PBXResourcesBuildPhase section */

/* Begin PBXSourcesBuildPhase section */
		53AA04812D72854900D8D0D6 /* Sources */ = {
			isa = PBXSourcesBuildPhase;
			buildActionMask = 2147483647;
			files = (
			);
			runOnlyForDeploymentPostprocessing = 0;
		};
		53AA04912D72854C00D8D0D6 /* Sources */ = {
			isa = PBXSourcesBuildPhase;
			buildActionMask = 2147483647;
			files = (
			);
			runOnlyForDeploymentPostprocessing = 0;
		};
		53AA049B2D72854C00D8D0D6 /* Sources */ = {
			isa = PBXSourcesBuildPhase;
			buildActionMask = 2147483647;
			files = (
			);
			runOnlyForDeploymentPostprocessing = 0;
		};
/* End PBXSourcesBuildPhase section */

/* Begin PBXTargetDependency section */
		53AA04972D72854C00D8D0D6 /* PBXTargetDependency */ = {
			isa = PBXTargetDependency;
			target = 53AA04842D72854900D8D0D6 /* AnimalQuiz */;
			targetProxy = 53AA04962D72854C00D8D0D6 /* PBXContainerItemProxy */;
		};
		53AA04A12D72854C00D8D0D6 /* PBXTargetDependency */ = {
			isa = PBXTargetDependency;
			target = 53AA04842D72854900D8D0D6 /* AnimalQuiz */;
			targetProxy = 53AA04A02D72854C00D8D0D6 /* PBXContainerItemProxy */;
		};
/* End PBXTargetDependency section */

/* Begin XCBuildConfiguration section */
		53AA04A72D72854C00D8D0D6 /* Debug */ = {
			isa = XCBuildConfiguration;
			buildSettings = {
				ALWAYS_SEARCH_USER_PATHS = NO;
				ASSETCATALOG_COMPILER_GENERATE_SWIFT_ASSET_SYMBOL_EXTENSIONS = YES;
				CLANG_ANALYZER_NONNULL = YES;
				CLANG_ANALYZER_NUMBER_OBJECT_CONVERSION = YES_AGGRESSIVE;
				CLANG_CXX_LANGUAGE_STANDARD = "gnu++20";
				CLANG_ENABLE_MODULES = YES;
				CLANG_ENABLE_OBJC_ARC = YES;
				CLANG_ENABLE_OBJC_WEAK = YES;
				CLANG_WARN_BLOCK_CAPTURE_AUTORELEASING = YES;
				CLANG_WARN_BOOL_CONVERSION = YES;
				CLANG_WARN_COMMA = YES;
				CLANG_WARN_CONSTANT_CONVERSION = YES;
				CLANG_WARN_DEPRECATED_OBJC_IMPLEMENTATIONS = YES;
				CLANG_WARN_DIRECT_OBJC_ISA_USAGE = YES_ERROR;
				CLANG_WARN_DOCUMENTATION_COMMENTS = YES;
				CLANG_WARN_EMPTY_BODY = YES;
				CLANG_WARN_ENUM_CONVERSION = YES;
				CLANG_WARN_INFINITE_RECURSION = YES;
				CLANG_WARN_INT_CONVERSION = YES;
				CLANG_WARN_NON_LITERAL_NULL_CONVERSION = YES;
				CLANG_WARN_OBJC_IMPLICIT_RETAIN_SELF = YES;
				CLANG_WARN_OBJC_LITERAL_CONVERSION = YES;
				CLANG_WARN_OBJC_ROOT_CLASS = YES_ERROR;
				CLANG_WARN_QUOTED_INCLUDE_IN_FRAMEWORK_HEADER = YES;
				CLANG_WARN_RANGE_LOOP_ANALYSIS = YES;
				CLANG_WARN_STRICT_PROTOTYPES = YES;
				CLANG_WARN_SUSPICIOUS_MOVE = YES;
				CLANG_WARN_UNGUARDED_AVAILABILITY = YES_AGGRESSIVE;
				CLANG_WARN_UNREACHABLE_CODE = YES;
				CLANG_WARN__DUPLICATE_METHOD_MATCH = YES;
				COPY_PHASE_STRIP = NO;
				DEBUG_INFORMATION_FORMAT = dwarf;
				ENABLE_STRICT_OBJC_MSGSEND = YES;
				ENABLE_TESTABILITY = YES;
				ENABLE_USER_SCRIPT_SANDBOXING = YES;
				GCC_C_LANGUAGE_STANDARD = gnu17;
				GCC_DYNAMIC_NO_PIC = NO;
				GCC_NO_COMMON_BLOCKS = YES;
				GCC_OPTIMIZATION_LEVEL = 0;
				GCC_PREPROCESSOR_DEFINITIONS = (
					"DEBUG=1",
					"$(inherited)",
				);
				GCC_WARN_64_TO_32_BIT_CONVERSION = YES;
				GCC_WARN_ABOUT_RETURN_TYPE = YES_ERROR;
				GCC_WARN_UNDECLARED_SELECTOR = YES;
				GCC_WARN_UNINITIALIZED_AUTOS = YES_AGGRESSIVE;
				GCC_WARN_UNUSED_FUNCTION = YES;
				GCC_WARN_UNUSED_VARIABLE = YES;
				IPHONEOS_DEPLOYMENT_TARGET = 18.2;
				LOCALIZATION_PREFERS_STRING_CATALOGS = YES;
				MTL_ENABLE_DEBUG_INFO = INCLUDE_SOURCE;
				MTL_FAST_MATH = YES;
				ONLY_ACTIVE_ARCH = YES;
				SDKROOT = iphoneos;
				SWIFT_ACTIVE_COMPILATION_CONDITIONS = "DEBUG $(inherited)";
				SWIFT_OPTIMIZATION_LEVEL = "-Onone";
			};
			name = Debug;
		};
		53AA04A82D72854C00D8D0D6 /* Release */ = {
			isa = XCBuildConfiguration;
			buildSettings = {
				ALWAYS_SEARCH_USER_PATHS = NO;
				ASSETCATALOG_COMPILER_GENERATE_SWIFT_ASSET_SYMBOL_EXTENSIONS = YES;
				CLANG_ANALYZER_NONNULL = YES;
				CLANG_ANALYZER_NUMBER_OBJECT_CONVERSION = YES_AGGRESSIVE;
				CLANG_CXX_LANGUAGE_STANDARD = "gnu++20";
				CLANG_ENABLE_MODULES = YES;
				CLANG_ENABLE_OBJC_ARC = YES;
				CLANG_ENABLE_OBJC_WEAK = YES;
				CLANG_WARN_BLOCK_CAPTURE_AUTORELEASING = YES;
				CLANG_WARN_BOOL_CONVERSION = YES;
				CLANG_WARN_COMMA = YES;
				CLANG_WARN_CONSTANT_CONVERSION = YES;
				CLANG_WARN_DEPRECATED_OBJC_IMPLEMENTATIONS = YES;
				CLANG_WARN_DIRECT_OBJC_ISA_USAGE = YES_ERROR;
				CLANG_WARN_DOCUMENTATION_COMMENTS = YES;
				CLANG_WARN_EMPTY_BODY = YES;
				CLANG_WARN_ENUM_CONVERSION = YES;
				CLANG_WARN_INFINITE_RECURSION = YES;
				CLANG_WARN_INT_CONVERSION = YES;
				CLANG_WARN_NON_LITERAL_NULL_CONVERSION = YES;
				CLANG_WARN_OBJC_IMPLICIT_RETAIN_SELF = YES;
				CLANG_WARN_OBJC_LITERAL_CONVERSION = YES;
				CLANG_WARN_OBJC_ROOT_CLASS = YES_ERROR;
				CLANG_WARN_QUOTED_INCLUDE_IN_FRAMEWORK_HEADER = YES;
				CLANG_WARN_RANGE_LOOP_ANALYSIS = YES;
				CLANG_WARN_STRICT_PROTOTYPES = YES;
				CLANG_WARN_SUSPICIOUS_MOVE = YES;
				CLANG_WARN_UNGUARDED_AVAILABILITY = YES_AGGRESSIVE;
				CLANG_WARN_UNREACHABLE_CODE = YES;
				CLANG_WARN__DUPLICATE_METHOD_MATCH = YES;
				COPY_PHASE_STRIP = NO;
				DEBUG_INFORMATION_FORMAT = "dwarf-with-dsym";
				ENABLE_NS_ASSERTIONS = NO;
				ENABLE_STRICT_OBJC_MSGSEND = YES;
				ENABLE_USER_SCRIPT_SANDBOXING = YES;
				GCC_C_LANGUAGE_STANDARD = gnu17;
				GCC_NO_COMMON_BLOCKS = YES;
				GCC_WARN_64_TO_32_BIT_CONVERSION = YES;
				GCC_WARN_ABOUT_RETURN_TYPE = YES_ERROR;
				GCC_WARN_UNDECLARED_SELECTOR = YES;
				GCC_WARN_UNINITIALIZED_AUTOS = YES_AGGRESSIVE;
				GCC_WARN_UNUSED_FUNCTION = YES;
				GCC_WARN_UNUSED_VARIABLE = YES;
				IPHONEOS_DEPLOYMENT_TARGET = 18.2;
				LOCALIZATION_PREFERS_STRING_CATALOGS = YES;
				MTL_ENABLE_DEBUG_INFO = NO;
				MTL_FAST_MATH = YES;
				SDKROOT = iphoneos;
				SWIFT_COMPILATION_MODE = wholemodule;
				VALIDATE_PRODUCT = YES;
			};
			name = Release;
		};
		53AA04AA2D72854C00D8D0D6 /* Debug */ = {
			isa = XCBuildConfiguration;
			buildSettings = {
				ASSETCATALOG_COMPILER_APPICON_NAME = AppIcon;
				ASSETCATALOG_COMPILER_GLOBAL_ACCENT_COLOR_NAME = AccentColor;
				CODE_SIGN_STYLE = Automatic;
				CURRENT_PROJECT_VERSION = 1;
				DEVELOPMENT_ASSET_PATHS = "\"AnimalQuiz/Preview Content\"";
				DEVELOPMENT_TEAM = APQQ8NFXX7;
				ENABLE_PREVIEWS = YES;
				GENERATE_INFOPLIST_FILE = YES;
				INFOPLIST_KEY_UIApplicationSceneManifest_Generation = YES;
				INFOPLIST_KEY_UIApplicationSupportsIndirectInputEvents = YES;
				INFOPLIST_KEY_UILaunchScreen_Generation = YES;
				INFOPLIST_KEY_UISupportedInterfaceOrientations_iPad = "UIInterfaceOrientationPortrait UIInterfaceOrientationPortraitUpsideDown UIInterfaceOrientationLandscapeLeft UIInterfaceOrientationLandscapeRight";
				INFOPLIST_KEY_UISupportedInterfaceOrientations_iPhone = "UIInterfaceOrientationPortrait UIInterfaceOrientationLandscapeLeft UIInterfaceOrientationLandscapeRight";
				LD_RUNPATH_SEARCH_PATHS = (
					"$(inherited)",
					"@executable_path/Frameworks",
				);
				MARKETING_VERSION = 1.0;
				PRODUCT_BUNDLE_IDENTIFIER = com.russtech.AnimalQuiz;
				PRODUCT_NAME = "$(TARGET_NAME)";
				SWIFT_EMIT_LOC_STRINGS = YES;
				SWIFT_VERSION = 5.0;
				TARGETED_DEVICE_FAMILY = "1,2";
			};
			name = Debug;
		};
		53AA04AB2D72854C00D8D0D6 /* Release */ = {
			isa = XCBuildConfiguration;
			buildSettings = {
				ASSETCATALOG_COMPILER_APPICON_NAME = AppIcon;
				ASSETCATALOG_COMPILER_GLOBAL_ACCENT_COLOR_NAME = AccentColor;
				CODE_SIGN_STYLE = Automatic;
				CURRENT_PROJECT_VERSION = 1;
				DEVELOPMENT_ASSET_PATHS = "\"AnimalQuiz/Preview Content\"";
				DEVELOPMENT_TEAM = APQQ8NFXX7;
				ENABLE_PREVIEWS = YES;
				GENERATE_INFOPLIST_FILE = YES;
				INFOPLIST_KEY_UIApplicationSceneManifest_Generation = YES;
				INFOPLIST_KEY_UIApplicationSupportsIndirectInputEvents = YES;
				INFOPLIST_KEY_UILaunchScreen_Generation = YES;
				INFOPLIST_KEY_UISupportedInterfaceOrientations_iPad = "UIInterfaceOrientationPortrait UIInterfaceOrientationPortraitUpsideDown UIInterfaceOrientationLandscapeLeft UIInterfaceOrientationLandscapeRight";
				INFOPLIST_KEY_UISupportedInterfaceOrientations_iPhone = "UIInterfaceOrientationPortrait UIInterfaceOrientationLandscapeLeft UIInterfaceOrientationLandscapeRight";
				LD_RUNPATH_SEARCH_PATHS = (
					"$(inherited)",
					"@executable_path/Frameworks",
				);
				MARKETING_VERSION = 1.0;
				PRODUCT_BUNDLE_IDENTIFIER = com.russtech.AnimalQuiz;
				PRODUCT_NAME = "$(TARGET_NAME)";
				SWIFT_EMIT_LOC_STRINGS = YES;
				SWIFT_VERSION = 5.0;
				TARGETED_DEVICE_FAMILY = "1,2";
			};
			name = Release;
		};
		53AA04AD2D72854C00D8D0D6 /* Debug */ = {
			isa = XCBuildConfiguration;
			buildSettings = {
				BUNDLE_LOADER = "$(TEST_HOST)";
				CODE_SIGN_STYLE = Automatic;
				CURRENT_PROJECT_VERSION = 1;
				DEVELOPMENT_TEAM = APQQ8NFXX7;
				GENERATE_INFOPLIST_FILE = YES;
				IPHONEOS_DEPLOYMENT_TARGET = 18.2;
				MARKETING_VERSION = 1.0;
				PRODUCT_BUNDLE_IDENTIFIER = com.russtech.AnimalQuizTests;
				PRODUCT_NAME = "$(TARGET_NAME)";
				SWIFT_EMIT_LOC_STRINGS = NO;
				SWIFT_VERSION = 5.0;
				TARGETED_DEVICE_FAMILY = "1,2";
				TEST_HOST = "$(BUILT_PRODUCTS_DIR)/AnimalQuiz.app/$(BUNDLE_EXECUTABLE_FOLDER_PATH)/AnimalQuiz";
			};
			name = Debug;
		};
		53AA04AE2D72854C00D8D0D6 /* Release */ = {
			isa = XCBuildConfiguration;
			buildSettings = {
				BUNDLE_LOADER = "$(TEST_HOST)";
				CODE_SIGN_STYLE = Automatic;
				CURRENT_PROJECT_VERSION = 1;
				DEVELOPMENT_TEAM = APQQ8NFXX7;
				GENERATE_INFOPLIST_FILE = YES;
				IPHONEOS_DEPLOYMENT_TARGET = 18.2;
				MARKETING_VERSION = 1.0;
				PRODUCT_BUNDLE_IDENTIFIER = com.russtech.AnimalQuizTests;
				PRODUCT_NAME = "$(TARGET_NAME)";
				SWIFT_EMIT_LOC_STRINGS = NO;
				SWIFT_VERSION = 5.0;
				TARGETED_DEVICE_FAMILY = "1,2";
				TEST_HOST = "$(BUILT_PRODUCTS_DIR)/AnimalQuiz.app/$(BUNDLE_EXECUTABLE_FOLDER_PATH)/AnimalQuiz";
			};
			name = Release;
		};
		53AA04B02D72854C00D8D0D6 /* Debug */ = {
			isa = XCBuildConfiguration;
			buildSettings = {
				CODE_SIGN_STYLE = Automatic;
				CURRENT_PROJECT_VERSION = 1;
				DEVELOPMENT_TEAM = APQQ8NFXX7;
				GENERATE_INFOPLIST_FILE = YES;
				MARKETING_VERSION = 1.0;
				PRODUCT_BUNDLE_IDENTIFIER = com.russtech.AnimalQuizUITests;
				PRODUCT_NAME = "$(TARGET_NAME)";
				SWIFT_EMIT_LOC_STRINGS = NO;
				SWIFT_VERSION = 5.0;
				TARGETED_DEVICE_FAMILY = "1,2";
				TEST_TARGET_NAME = AnimalQuiz;
			};
			name = Debug;
		};
		53AA04B12D72854C00D8D0D6 /* Release */ = {
			isa = XCBuildConfiguration;
			buildSettings = {
				CODE_SIGN_STYLE = Automatic;
				CURRENT_PROJECT_VERSION = 1;
				DEVELOPMENT_TEAM = APQQ8NFXX7;
				GENERATE_INFOPLIST_FILE = YES;
				MARKETING_VERSION = 1.0;
				PRODUCT_BUNDLE_IDENTIFIER = com.russtech.AnimalQuizUITests;
				PRODUCT_NAME = "$(TARGET_NAME)";
				SWIFT_EMIT_LOC_STRINGS = NO;
				SWIFT_VERSION = 5.0;
				TARGETED_DEVICE_FAMILY = "1,2";
				TEST_TARGET_NAME = AnimalQuiz;
			};
			name = Release;
		};
/* End XCBuildConfiguration section */

/* Begin XCConfigurationList section */
		53AA04802D72854900D8D0D6 /* Build configuration list for PBXProject "AnimalQuiz" */ = {
			isa = XCConfigurationList;
			buildConfigurations = (
				53AA04A72D72854C00D8D0D6 /* Debug */,
				53AA04A82D72854C00D8D0D6 /* Release */,
			);
			defaultConfigurationIsVisible = 0;
			defaultConfigurationName = Release;
		};
		53AA04A92D72854C00D8D0D6 /* Build configuration list for PBXNativeTarget "AnimalQuiz" */ = {
			isa = XCConfigurationList;
			buildConfigurations = (
				53AA04AA2D72854C00D8D0D6 /* Debug */,
				53AA04AB2D72854C00D8D0D6 /* Release */,
			);
			defaultConfigurationIsVisible = 0;
			defaultConfigurationName = Release;
		};
		53AA04AC2D72854C00D8D0D6 /* Build configuration list for PBXNativeTarget "AnimalQuizTests" */ = {
			isa = XCConfigurationList;
			buildConfigurations = (
				53AA04AD2D72854C00D8D0D6 /* Debug */,
				53AA04AE2D72854C00D8D0D6 /* Release */,
			);
			defaultConfigurationIsVisible = 0;
			defaultConfigurationName = Release;
		};
		53AA04AF2D72854C00D8D0D6 /* Build configuration list for PBXNativeTarget "AnimalQuizUITests" */ = {
			isa = XCConfigurationList;
			buildConfigurations = (
				53AA04B02D72854C00D8D0D6 /* Debug */,
				53AA04B12D72854C00D8D0D6 /* Release */,
			);
			defaultConfigurationIsVisible = 0;
			defaultConfigurationName = Release;
		};
/* End XCConfigurationList section */
	};
	rootObject = 53AA047D2D72854900D8D0D6 /* Project object */;
}
