// !$*UTF8*$!
{
	archiveVersion = 1;
	classes = {
	};
	objectVersion = 77;
	objects = {

/* Begin PBXBuildFile section */
		53AA04BE2D72D80400D8D0D6 /* .swiftformat in Resources */ = {isa = PBXBuildFile; fileRef = 53AA04BD2D72D7E800D8D0D6 /* .swiftformat */; };
		53AA051D2D7809E500D8D0D6 /* AnimalQuizApp.swift in Sources */ = {isa = PBXBuildFile; fileRef = 53AA050F2D7809E500D8D0D6 /* AnimalQuizApp.swift */; };
		53AA051E2D7809E500D8D0D6 /* View+.swift in Sources */ = {isa = PBXBuildFile; fileRef = 53AA05122D7809E500D8D0D6 /* View+.swift */; };
		53AA051F2D7809E500D8D0D6 /* QuizView.swift in Sources */ = {isa = PBXBuildFile; fileRef = 53AA05162D7809E500D8D0D6 /* QuizView.swift */; };
		53AA05202D7809E500D8D0D6 /* ScoreView.swift in Sources */ = {isa = PBXBuildFile; fileRef = 53AA05172D7809E500D8D0D6 /* ScoreView.swift */; };
		53AA05212D7809E500D8D0D6 /* StartView.swift in Sources */ = {isa = PBXBuildFile; fileRef = 53AA05182D7809E500D8D0D6 /* StartView.swift */; };
		53AA05222D7809E500D8D0D6 /* StrokeBackground.swift in Sources */ = {isa = PBXBuildFile; fileRef = 53AA05192D7809E500D8D0D6 /* StrokeBackground.swift */; };
		53AA05232D7809E500D8D0D6 /* Preview Assets.xcassets in Resources */ = {isa = PBXBuildFile; fileRef = 53AA05142D7809E500D8D0D6 /* Preview Assets.xcassets */; };
		53AA05242D7809E500D8D0D6 /* Assets.xcassets in Resources */ = {isa = PBXBuildFile; fileRef = 53AA051B2D7809E500D8D0D6 /* Assets.xcassets */; };
		53AA05262D780D2400D8D0D6 /* QuizData.swift in Sources */ = {isa = PBXBuildFile; fileRef = 53AA05252D780D2400D8D0D6 /* QuizData.swift */; };
		53AA05292D7812A700D8D0D6 /* LaunchScreen.storyboard in Resources */ = {isa = PBXBuildFile; fileRef = 53AA05282D7812A700D8D0D6 /* LaunchScreen.storyboard */; };
		53AA052B2D78145F00D8D0D6 /* GenreSelectionView.swift in Sources */ = {isa = PBXBuildFile; fileRef = 53AA052A2D78145F00D8D0D6 /* GenreSelectionView.swift */; };
		53AA052E2D781C1700D8D0D6 /* QuizItem.swift in Sources */ = {isa = PBXBuildFile; fileRef = 53AA052D2D781C1700D8D0D6 /* QuizItem.swift */; };
/* End PBXBuildFile section */

/* Begin PBXContainerItemProxy section */
		53AA04962D72854C00D8D0D6 /* PBXContainerItemProxy */ = {
			isa = PBXContainerItemProxy;
			containerPortal = 53AA047D2D72854900D8D0D6 /* Project object */;
			proxyType = 1;
			remoteGlobalIDString = 53AA04842D72854900D8D0D6;
			remoteInfo = AnimalQuiz;
		};
		53AA04A02D72854C00D8D0D6 /* PBXContainerItemProxy */ = {
			isa = PBXContainerItemProxy;
			containerPortal = 53AA047D2D72854900D8D0D6 /* Project object */;
			proxyType = 1;
			remoteGlobalIDString = 53AA04842D72854900D8D0D6;
			remoteInfo = AnimalQuiz;
		};
/* End PBXContainerItemProxy section */

/* Begin PBXFileReference section */
		53AA04852D72854900D8D0D6 /* AnimalQuiz.app */ = {isa = PBXFileReference; explicitFileType = wrapper.application; includeInIndex = 0; path = AnimalQuiz.app; sourceTree = BUILT_PRODUCTS_DIR; };
		53AA04952D72854C00D8D0D6 /* AnimalQuizTests.xctest */ = {isa = PBXFileReference; explicitFileType = wrapper.cfbundle; includeInIndex = 0; path = AnimalQuizTests.xctest; sourceTree = BUILT_PRODUCTS_DIR; };
		53AA049F2D72854C00D8D0D6 /* AnimalQuizUITests.xctest */ = {isa = PBXFileReference; explicitFileType = wrapper.cfbundle; includeInIndex = 0; path = AnimalQuizUITests.xctest; sourceTree = BUILT_PRODUCTS_DIR; };
		53AA04B92D72D31900D8D0D6 /* BuildTools */ = {isa = PBXFileReference; lastKnownFileType = wrapper; path = BuildTools; sourceTree = "<group>"; };
		53AA04BD2D72D7E800D8D0D6 /* .swiftformat */ = {isa = PBXFileReference; lastKnownFileType = text; path = .swiftformat; sourceTree = "<group>"; };
		53AA050F2D7809E500D8D0D6 /* AnimalQuizApp.swift */ = {isa = PBXFileReference; lastKnownFileType = sourcecode.swift; path = AnimalQuizApp.swift; sourceTree = "<group>"; };
		53AA05122D7809E500D8D0D6 /* View+.swift */ = {isa = PBXFileReference; lastKnownFileType = sourcecode.swift; path = "View+.swift"; sourceTree = "<group>"; };
		53AA05142D7809E500D8D0D6 /* Preview Assets.xcassets */ = {isa = PBXFileReference; lastKnownFileType = folder.assetcatalog; path = "Preview Assets.xcassets"; sourceTree = "<group>"; };
		53AA05162D7809E500D8D0D6 /* QuizView.swift */ = {isa = PBXFileReference; lastKnownFileType = sourcecode.swift; path = QuizView.swift; sourceTree = "<group>"; };
		53AA05172D7809E500D8D0D6 /* ScoreView.swift */ = {isa = PBXFileReference; lastKnownFileType = sourcecode.swift; path = ScoreView.swift; sourceTree = "<group>"; };
		53AA05182D7809E500D8D0D6 /* StartView.swift */ = {isa = PBXFileReference; lastKnownFileType = sourcecode.swift; path = StartView.swift; sourceTree = "<group>"; };
		53AA05192D7809E500D8D0D6 /* StrokeBackground.swift */ = {isa = PBXFileReference; lastKnownFileType = sourcecode.swift; path = StrokeBackground.swift; sourceTree = "<group>"; };
		53AA051B2D7809E500D8D0D6 /* Assets.xcassets */ = {isa = PBXFileReference; lastKnownFileType = folder.assetcatalog; path = Assets.xcassets; sourceTree = "<group>"; };
		53AA05252D780D2400D8D0D6 /* QuizData.swift */ = {isa = PBXFileReference; lastKnownFileType = sourcecode.swift; path = QuizData.swift; sourceTree = "<group>"; };
		53AA05282D7812A700D8D0D6 /* LaunchScreen.storyboard */ = {isa = PBXFileReference; lastKnownFileType = file.storyboard; path = LaunchScreen.storyboard; sourceTree = "<group>"; };
		53AA052A2D78145F00D8D0D6 /* GenreSelectionView.swift */ = {isa = PBXFileReference; lastKnownFileType = sourcecode.swift; path = GenreSelectionView.swift; sourceTree = "<group>"; };
		53AA052D2D781C1700D8D0D6 /* QuizItem.swift */ = {isa = PBXFileReference; lastKnownFileType = sourcecode.swift; path = QuizItem.swift; sourceTree = "<group>"; };
/* End PBXFileReference section */

/* Begin PBXFileSystemSynchronizedRootGroup section */
		53AA04982D72854C00D8D0D6 /* AnimalQuizTests */ = {
			isa = PBXFileSystemSynchronizedRootGroup;
			path = AnimalQuizTests;
			sourceTree = "<group>";
		};
		53AA04A22D72854C00D8D0D6 /* AnimalQuizUITests */ = {
			isa = PBXFileSystemSynchronizedRootGroup;
			path = AnimalQuizUITests;
			sourceTree = "<group>";
		};
/* End PBXFileSystemSynchronizedRootGroup section */

/* Begin PBXFrameworksBuildPhase section */
		53AA04822D72854900D8D0D6 /* Frameworks */ = {
			isa = PBXFrameworksBuildPhase;
			buildActionMask = 2147483647;
			files = (
			);
			runOnlyForDeploymentPostprocessing = 0;
		};
		53AA04922D72854C00D8D0D6 /* Frameworks */ = {
			isa = PBXFrameworksBuildPhase;
			buildActionMask = 2147483647;
			files = (
			);
			runOnlyForDeploymentPostprocessing = 0;
		};
		53AA049C2D72854C00D8D0D6 /* Frameworks */ = {
			isa = PBXFrameworksBuildPhase;
			buildActionMask = 2147483647;
			files = (
			);
			runOnlyForDeploymentPostprocessing = 0;
		};
/* End PBXFrameworksBuildPhase section */

/* Begin PBXGroup section */
		53AA047C2D72854900D8D0D6 = {
			isa = PBXGroup;
			children = (
				53AA04BD2D72D7E800D8D0D6 /* .swiftformat */,
				53AA04B92D72D31900D8D0D6 /* BuildTools */,
				53AA051C2D7809E500D8D0D6 /* AnimalQuiz */,
				53AA04982D72854C00D8D0D6 /* AnimalQuizTests */,
				53AA04A22D72854C00D8D0D6 /* AnimalQuizUITests */,
				53AA04862D72854900D8D0D6 /* Products */,
			);
			sourceTree = "<group>";
		};
		53AA04862D72854900D8D0D6 /* Products */ = {
			isa = PBXGroup;
			children = (
				53AA04852D72854900D8D0D6 /* AnimalQuiz.app */,
				53AA04952D72854C00D8D0D6 /* AnimalQuizTests.xctest */,
				53AA049F2D72854C00D8D0D6 /* AnimalQuizUITests.xctest */,
			);
			name = Products;
			sourceTree = "<group>";
		};
		53AA05102D7809E500D8D0D6 /* Apps */ = {
			isa = PBXGroup;
			children = (
				53AA050F2D7809E500D8D0D6 /* AnimalQuizApp.swift */,
			);
			path = Apps;
			sourceTree = "<group>";
		};
		53AA05112D7809E500D8D0D6 /* ConstantData */ = {
			isa = PBXGroup;
			children = (
				53AA05252D780D2400D8D0D6 /* QuizData.swift */,
			);
			path = ConstantData;
			sourceTree = "<group>";
		};
		53AA05132D7809E500D8D0D6 /* Extensions */ = {
			isa = PBXGroup;
			children = (
				53AA05122D7809E500D8D0D6 /* View+.swift */,
			);
			path = Extensions;
			sourceTree = "<group>";
		};
		53AA05152D7809E500D8D0D6 /* Preview Content */ = {
			isa = PBXGroup;
			children = (
				53AA05142D7809E500D8D0D6 /* Preview Assets.xcassets */,
			);
			path = "Preview Content";
			sourceTree = "<group>";
		};
		53AA051A2D7809E500D8D0D6 /* Views */ = {
			isa = PBXGroup;
			children = (
				53AA05162D7809E500D8D0D6 /* QuizView.swift */,
				53AA05172D7809E500D8D0D6 /* ScoreView.swift */,
				53AA05182D7809E500D8D0D6 /* StartView.swift */,
				53AA05192D7809E500D8D0D6 /* StrokeBackground.swift */,
				53AA052A2D78145F00D8D0D6 /* GenreSelectionView.swift */,
			);
			path = Views;
			sourceTree = "<group>";
		};
		53AA051C2D7809E500D8D0D6 /* AnimalQuiz */ = {
			isa = PBXGroup;
			children = (
				53AA05102D7809E500D8D0D6 /* Apps */,
				53AA051A2D7809E500D8D0D6 /* Views */,
				53AA052C2D781BE900D8D0D6 /* Models */,
				53AA05132D7809E500D8D0D6 /* Extensions */,
				53AA05112D7809E500D8D0D6 /* ConstantData */,
				53AA05272D78121F00D8D0D6 /* Storyboards */,
				53AA05152D7809E500D8D0D6 /* Preview Content */,
				53AA051B2D7809E500D8D0D6 /* Assets.xcassets */,
			);
			path = AnimalQuiz;
			sourceTree = "<group>";
		};
		53AA05272D78121F00D8D0D6 /* Storyboards */ = {
			isa = PBXGroup;
			children = (
				53AA05282D7812A700D8D0D6 /* LaunchScreen.storyboard */,
			);
			path = Storyboards;
			sourceTree = "<group>";
		};
		53AA052C2D781BE900D8D0D6 /* Models */ = {
			isa = PBXGroup;
			children = (
				53AA052D2D781C1700D8D0D6 /* QuizItem.swift */,
			);
			path = Models;
			sourceTree = "<group>";
		};
/* End PBXGroup section */

/* Begin PBXNativeTarget section */
		53AA04842D72854900D8D0D6 /* AnimalQuiz */ = {
			isa = PBXNativeTarget;
			buildConfigurationList = 53AA04A92D72854C00D8D0D6 /* Build configuration list for PBXNativeTarget "AnimalQuiz" */;
			buildPhases = (
				53AA04BB2D72D37900D8D0D6 /* Swift Format */,
				53AA04812D72854900D8D0D6 /* Sources */,
				53AA04822D72854900D8D0D6 /* Frameworks */,
				53AA04832D72854900D8D0D6 /* Resources */,
			);
			buildRules = (
			);
			dependencies = (
				53AA04B42D72CD0600D8D0D6 /* PBXTargetDependency */,
			);
			name = AnimalQuiz;
			packageProductDependencies = (
			);
			productName = AnimalQuiz;
			productReference = 53AA04852D72854900D8D0D6 /* AnimalQuiz.app */;
			productType = "com.apple.product-type.application";
		};
		53AA04942D72854C00D8D0D6 /* AnimalQuizTests */ = {
			isa = PBXNativeTarget;
			buildConfigurationList = 53AA04AC2D72854C00D8D0D6 /* Build configuration list for PBXNativeTarget "AnimalQuizTests" */;
			buildPhases = (
				53AA04912D72854C00D8D0D6 /* Sources */,
				53AA04922D72854C00D8D0D6 /* Frameworks */,
				53AA04932D72854C00D8D0D6 /* Resources */,
			);
			buildRules = (
			);
			dependencies = (
				53AA04B62D72CD2200D8D0D6 /* PBXTargetDependency */,
				53AA04972D72854C00D8D0D6 /* PBXTargetDependency */,
			);
			fileSystemSynchronizedGroups = (
				53AA04982D72854C00D8D0D6 /* AnimalQuizTests */,
			);
			name = AnimalQuizTests;
			packageProductDependencies = (
			);
			productName = AnimalQuizTests;
			productReference = 53AA04952D72854C00D8D0D6 /* AnimalQuizTests.xctest */;
			productType = "com.apple.product-type.bundle.unit-test";
		};
		53AA049E2D72854C00D8D0D6 /* AnimalQuizUITests */ = {
			isa = PBXNativeTarget;
			buildConfigurationList = 53AA04AF2D72854C00D8D0D6 /* Build configuration list for PBXNativeTarget "AnimalQuizUITests" */;
			buildPhases = (
				53AA04BC2D72D56A00D8D0D6 /* Swift Format */,
				53AA049B2D72854C00D8D0D6 /* Sources */,
				53AA049C2D72854C00D8D0D6 /* Frameworks */,
				53AA049D2D72854C00D8D0D6 /* Resources */,
			);
			buildRules = (
			);
			dependencies = (
				53AA04B82D72CD2900D8D0D6 /* PBXTargetDependency */,
				53AA04A12D72854C00D8D0D6 /* PBXTargetDependency */,
			);
			fileSystemSynchronizedGroups = (
				53AA04A22D72854C00D8D0D6 /* AnimalQuizUITests */,
			);
			name = AnimalQuizUITests;
			packageProductDependencies = (
			);
			productName = AnimalQuizUITests;
			productReference = 53AA049F2D72854C00D8D0D6 /* AnimalQuizUITests.xctest */;
			productType = "com.apple.product-type.bundle.ui-testing";
		};
/* End PBXNativeTarget section */

/* Begin PBXProject section */
		53AA047D2D72854900D8D0D6 /* Project object */ = {
			isa = PBXProject;
			attributes = {
				BuildIndependentTargetsInParallel = 1;
				LastSwiftUpdateCheck = 1620;
				LastUpgradeCheck = 1620;
				TargetAttributes = {
					53AA04842D72854900D8D0D6 = {
						CreatedOnToolsVersion = 16.2;
					};
					53AA04942D72854C00D8D0D6 = {
						CreatedOnToolsVersion = 16.2;
						TestTargetID = 53AA04842D72854900D8D0D6;
					};
					53AA049E2D72854C00D8D0D6 = {
						CreatedOnToolsVersion = 16.2;
						TestTargetID = 53AA04842D72854900D8D0D6;
					};
				};
			};
			buildConfigurationList = 53AA04802D72854900D8D0D6 /* Build configuration list for PBXProject "AnimalQuiz" */;
			developmentRegion = en;
			hasScannedForEncodings = 0;
			knownRegions = (
				en,
				Base,
			);
			mainGroup = 53AA047C2D72854900D8D0D6;
			minimizedProjectReferenceProxies = 1;
			packageReferences = (
				53AA04B22D72CCDC00D8D0D6 /* XCRemoteSwiftPackageReference "SwiftLintPlugins" */,
			);
			preferredProjectObjectVersion = 77;
			productRefGroup = 53AA04862D72854900D8D0D6 /* Products */;
			projectDirPath = "";
			projectRoot = "";
			targets = (
				53AA04842D72854900D8D0D6 /* AnimalQuiz */,
				53AA04942D72854C00D8D0D6 /* AnimalQuizTests */,
				53AA049E2D72854C00D8D0D6 /* AnimalQuizUITests */,
			);
		};
/* End PBXProject section */

/* Begin PBXResourcesBuildPhase section */
		53AA04832D72854900D8D0D6 /* Resources */ = {
			isa = PBXResourcesBuildPhase;
			buildActionMask = 2147483647;
			files = (
				53AA05232D7809E500D8D0D6 /* Preview Assets.xcassets in Resources */,
				53AA05292D7812A700D8D0D6 /* LaunchScreen.storyboard in Resources */,
				53AA05242D7809E500D8D0D6 /* Assets.xcassets in Resources */,
				53AA04BE2D72D80400D8D0D6 /* .swiftformat in Resources */,
			);
			runOnlyForDeploymentPostprocessing = 0;
		};
		53AA04932D72854C00D8D0D6 /* Resources */ = {
			isa = PBXResourcesBuildPhase;
			buildActionMask = 2147483647;
			files = (
			);
			runOnlyForDeploymentPostprocessing = 0;
		};
		53AA049D2D72854C00D8D0D6 /* Resources */ = {
			isa = PBXResourcesBuildPhase;
			buildActionMask = 2147483647;
			files = (
			);
			runOnlyForDeploymentPostprocessing = 0;
		};
/* End PBXResourcesBuildPhase section */

/* Begin PBXShellScriptBuildPhase section */
		53AA04BB2D72D37900D8D0D6 /* Swift Format */ = {
			isa = PBXShellScriptBuildPhase;
			alwaysOutOfDate = 1;
			buildActionMask = 2147483647;
			files = (
			);
			inputFileListPaths = (
			);
			inputPaths = (
			);
			name = "Swift Format";
			outputFileListPaths = (
			);
			outputPaths = (
			);
			runOnlyForDeploymentPostprocessing = 0;
			shellPath = /bin/sh;
			shellScript = "# Type a script or drag a script file from your workspace to insert its path.\ncd BuildTools\nSDKROOT=(xcrun --sdk macosx --show-sdk-path)\n#swift package update #Uncomment this line temporarily to update the version used to the latest matching your BuildTools/Package.swift file\nswift run -c release swiftformat --lint --lenient \"$SRCROOT\"\n";
		};
		53AA04BC2D72D56A00D8D0D6 /* Swift Format */ = {
			isa = PBXShellScriptBuildPhase;
			alwaysOutOfDate = 1;
			buildActionMask = 2147483647;
			files = (
			);
			inputFileListPaths = (
			);
			inputPaths = (
			);
			name = "Swift Format";
			outputFileListPaths = (
			);
			outputPaths = (
			);
			runOnlyForDeploymentPostprocessing = 0;
			shellPath = /bin/sh;
			shellScript = "# Type a script or drag a script file from your workspace to insert its path.\ncd BuildTools\nSDKROOT=(xcrun --sdk macosx --show-sdk-path)\n#swift package update #Uncomment this line temporarily to update the version used to the latest matching your BuildTools/Package.swift file\nswift run -c release swiftformat \"$SRCROOT\"\n";
		};
/* End PBXShellScriptBuildPhase section */

/* Begin PBXSourcesBuildPhase section */
		53AA04812D72854900D8D0D6 /* Sources */ = {
			isa = PBXSourcesBuildPhase;
			buildActionMask = 2147483647;
			files = (
				53AA05262D780D2400D8D0D6 /* QuizData.swift in Sources */,
				53AA051D2D7809E500D8D0D6 /* AnimalQuizApp.swift in Sources */,
				53AA051E2D7809E500D8D0D6 /* View+.swift in Sources */,
				53AA051F2D7809E500D8D0D6 /* QuizView.swift in Sources */,
				53AA05202D7809E500D8D0D6 /* ScoreView.swift in Sources */,
				53AA052B2D78145F00D8D0D6 /* GenreSelectionView.swift in Sources */,
				53AA052E2D781C1700D8D0D6 /* QuizItem.swift in Sources */,
				53AA05212D7809E500D8D0D6 /* StartView.swift in Sources */,
				53AA05222D7809E500D8D0D6 /* StrokeBackground.swift in Sources */,
			);
			runOnlyForDeploymentPostprocessing = 0;
		};
		53AA04912D72854C00D8D0D6 /* Sources */ = {
			isa = PBXSourcesBuildPhase;
			buildActionMask = 2147483647;
			files = (
			);
			runOnlyForDeploymentPostprocessing = 0;
		};
		53AA049B2D72854C00D8D0D6 /* Sources */ = {
			isa = PBXSourcesBuildPhase;
			buildActionMask = 2147483647;
			files = (
			);
			runOnlyForDeploymentPostprocessing = 0;
		};
/* End PBXSourcesBuildPhase section */

/* Begin PBXTargetDependency section */
		53AA04972D72854C00D8D0D6 /* PBXTargetDependency */ = {
			isa = PBXTargetDependency;
			target = 53AA04842D72854900D8D0D6 /* AnimalQuiz */;
			targetProxy = 53AA04962D72854C00D8D0D6 /* PBXContainerItemProxy */;
		};
		53AA04A12D72854C00D8D0D6 /* PBXTargetDependency */ = {
			isa = PBXTargetDependency;
			target = 53AA04842D72854900D8D0D6 /* AnimalQuiz */;
			targetProxy = 53AA04A02D72854C00D8D0D6 /* PBXContainerItemProxy */;
		};
		53AA04B42D72CD0600D8D0D6 /* PBXTargetDependency */ = {
			isa = PBXTargetDependency;
			productRef = 53AA04B32D72CD0600D8D0D6 /* SwiftLintBuildToolPlugin */;
		};
		53AA04B62D72CD2200D8D0D6 /* PBXTargetDependency */ = {
			isa = PBXTargetDependency;
			productRef = 53AA04B52D72CD2200D8D0D6 /* SwiftLintBuildToolPlugin */;
		};
		53AA04B82D72CD2900D8D0D6 /* PBXTargetDependency */ = {
			isa = PBXTargetDependency;
			productRef = 53AA04B72D72CD2900D8D0D6 /* SwiftLintBuildToolPlugin */;
		};
/* End PBXTargetDependency section */

/* Begin XCBuildConfiguration section */
		53AA04A72D72854C00D8D0D6 /* Debug */ = {
			isa = XCBuildConfiguration;
			buildSettings = {
				ALWAYS_SEARCH_USER_PATHS = NO;
				ASSETCATALOG_COMPILER_GENERATE_SWIFT_ASSET_SYMBOL_EXTENSIONS = YES;
				CLANG_ANALYZER_NONNULL = YES;
				CLANG_ANALYZER_NUMBER_OBJECT_CONVERSION = YES_AGGRESSIVE;
				CLANG_CXX_LANGUAGE_STANDARD = "gnu++20";
				CLANG_ENABLE_MODULES = YES;
				CLANG_ENABLE_OBJC_ARC = YES;
				CLANG_ENABLE_OBJC_WEAK = YES;
				CLANG_WARN_BLOCK_CAPTURE_AUTORELEASING = YES;
				CLANG_WARN_BOOL_CONVERSION = YES;
				CLANG_WARN_COMMA = YES;
				CLANG_WARN_CONSTANT_CONVERSION = YES;
				CLANG_WARN_DEPRECATED_OBJC_IMPLEMENTATIONS = YES;
				CLANG_WARN_DIRECT_OBJC_ISA_USAGE = YES_ERROR;
				CLANG_WARN_DOCUMENTATION_COMMENTS = YES;
				CLANG_WARN_EMPTY_BODY = YES;
				CLANG_WARN_ENUM_CONVERSION = YES;
				CLANG_WARN_INFINITE_RECURSION = YES;
				CLANG_WARN_INT_CONVERSION = YES;
				CLANG_WARN_NON_LITERAL_NULL_CONVERSION = YES;
				CLANG_WARN_OBJC_IMPLICIT_RETAIN_SELF = YES;
				CLANG_WARN_OBJC_LITERAL_CONVERSION = YES;
				CLANG_WARN_OBJC_ROOT_CLASS = YES_ERROR;
				CLANG_WARN_QUOTED_INCLUDE_IN_FRAMEWORK_HEADER = YES;
				CLANG_WARN_RANGE_LOOP_ANALYSIS = YES;
				CLANG_WARN_STRICT_PROTOTYPES = YES;
				CLANG_WARN_SUSPICIOUS_MOVE = YES;
				CLANG_WARN_UNGUARDED_AVAILABILITY = YES_AGGRESSIVE;
				CLANG_WARN_UNREACHABLE_CODE = YES;
				CLANG_WARN__DUPLICATE_METHOD_MATCH = YES;
				COPY_PHASE_STRIP = NO;
				DEBUG_INFORMATION_FORMAT = dwarf;
				ENABLE_STRICT_OBJC_MSGSEND = YES;
				ENABLE_TESTABILITY = YES;
				ENABLE_USER_SCRIPT_SANDBOXING = NO;
				GCC_C_LANGUAGE_STANDARD = gnu17;
				GCC_DYNAMIC_NO_PIC = NO;
				GCC_NO_COMMON_BLOCKS = YES;
				GCC_OPTIMIZATION_LEVEL = 0;
				GCC_PREPROCESSOR_DEFINITIONS = (
					"DEBUG=1",
					"$(inherited)",
				);
				GCC_WARN_64_TO_32_BIT_CONVERSION = YES;
				GCC_WARN_ABOUT_RETURN_TYPE = YES_ERROR;
				GCC_WARN_UNDECLARED_SELECTOR = YES;
				GCC_WARN_UNINITIALIZED_AUTOS = YES_AGGRESSIVE;
				GCC_WARN_UNUSED_FUNCTION = YES;
				GCC_WARN_UNUSED_VARIABLE = YES;
				IPHONEOS_DEPLOYMENT_TARGET = 18.2;
				LOCALIZATION_PREFERS_STRING_CATALOGS = YES;
				MTL_ENABLE_DEBUG_INFO = INCLUDE_SOURCE;
				MTL_FAST_MATH = YES;
				ONLY_ACTIVE_ARCH = YES;
				SDKROOT = iphoneos;
				SWIFT_ACTIVE_COMPILATION_CONDITIONS = "DEBUG $(inherited)";
				SWIFT_OPTIMIZATION_LEVEL = "-Onone";
			};
			name = Debug;
		};
		53AA04A82D72854C00D8D0D6 /* Release */ = {
			isa = XCBuildConfiguration;
			buildSettings = {
				ALWAYS_SEARCH_USER_PATHS = NO;
				ASSETCATALOG_COMPILER_GENERATE_SWIFT_ASSET_SYMBOL_EXTENSIONS = YES;
				CLANG_ANALYZER_NONNULL = YES;
				CLANG_ANALYZER_NUMBER_OBJECT_CONVERSION = YES_AGGRESSIVE;
				CLANG_CXX_LANGUAGE_STANDARD = "gnu++20";
				CLANG_ENABLE_MODULES = YES;
				CLANG_ENABLE_OBJC_ARC = YES;
				CLANG_ENABLE_OBJC_WEAK = YES;
				CLANG_WARN_BLOCK_CAPTURE_AUTORELEASING = YES;
				CLANG_WARN_BOOL_CONVERSION = YES;
				CLANG_WARN_COMMA = YES;
				CLANG_WARN_CONSTANT_CONVERSION = YES;
				CLANG_WARN_DEPRECATED_OBJC_IMPLEMENTATIONS = YES;
				CLANG_WARN_DIRECT_OBJC_ISA_USAGE = YES_ERROR;
				CLANG_WARN_DOCUMENTATION_COMMENTS = YES;
				CLANG_WARN_EMPTY_BODY = YES;
				CLANG_WARN_ENUM_CONVERSION = YES;
				CLANG_WARN_INFINITE_RECURSION = YES;
				CLANG_WARN_INT_CONVERSION = YES;
				CLANG_WARN_NON_LITERAL_NULL_CONVERSION = YES;
				CLANG_WARN_OBJC_IMPLICIT_RETAIN_SELF = YES;
				CLANG_WARN_OBJC_LITERAL_CONVERSION = YES;
				CLANG_WARN_OBJC_ROOT_CLASS = YES_ERROR;
				CLANG_WARN_QUOTED_INCLUDE_IN_FRAMEWORK_HEADER = YES;
				CLANG_WARN_RANGE_LOOP_ANALYSIS = YES;
				CLANG_WARN_STRICT_PROTOTYPES = YES;
				CLANG_WARN_SUSPICIOUS_MOVE = YES;
				CLANG_WARN_UNGUARDED_AVAILABILITY = YES_AGGRESSIVE;
				CLANG_WARN_UNREACHABLE_CODE = YES;
				CLANG_WARN__DUPLICATE_METHOD_MATCH = YES;
				COPY_PHASE_STRIP = NO;
				DEBUG_INFORMATION_FORMAT = "dwarf-with-dsym";
				ENABLE_NS_ASSERTIONS = NO;
				ENABLE_STRICT_OBJC_MSGSEND = YES;
				ENABLE_USER_SCRIPT_SANDBOXING = NO;
				GCC_C_LANGUAGE_STANDARD = gnu17;
				GCC_NO_COMMON_BLOCKS = YES;
				GCC_WARN_64_TO_32_BIT_CONVERSION = YES;
				GCC_WARN_ABOUT_RETURN_TYPE = YES_ERROR;
				GCC_WARN_UNDECLARED_SELECTOR = YES;
				GCC_WARN_UNINITIALIZED_AUTOS = YES_AGGRESSIVE;
				GCC_WARN_UNUSED_FUNCTION = YES;
				GCC_WARN_UNUSED_VARIABLE = YES;
				IPHONEOS_DEPLOYMENT_TARGET = 18.2;
				LOCALIZATION_PREFERS_STRING_CATALOGS = YES;
				MTL_ENABLE_DEBUG_INFO = NO;
				MTL_FAST_MATH = YES;
				SDKROOT = iphoneos;
				SWIFT_COMPILATION_MODE = wholemodule;
				VALIDATE_PRODUCT = YES;
			};
			name = Release;
		};
		53AA04AA2D72854C00D8D0D6 /* Debug */ = {
			isa = XCBuildConfiguration;
			buildSettings = {
				ASSETCATALOG_COMPILER_APPICON_NAME = AppIcon;
				ASSETCATALOG_COMPILER_GLOBAL_ACCENT_COLOR_NAME = AccentColor;
				CODE_SIGN_STYLE = Automatic;
				CURRENT_PROJECT_VERSION = 1;
				DEVELOPMENT_ASSET_PATHS = "\"AnimalQuiz/Preview Content\"";
				DEVELOPMENT_TEAM = APQQ8NFXX7;
				ENABLE_PREVIEWS = YES;
				GENERATE_INFOPLIST_FILE = YES;
				INFOPLIST_KEY_UIApplicationSceneManifest_Generation = YES;
				INFOPLIST_KEY_UIApplicationSupportsIndirectInputEvents = YES;
				INFOPLIST_KEY_UILaunchScreen_Generation = YES;
				INFOPLIST_KEY_UILaunchStoryboardName = LaunchScreen;
				INFOPLIST_KEY_UISupportedInterfaceOrientations = "UIInterfaceOrientationLandscapeLeft UIInterfaceOrientationLandscapeRight UIInterfaceOrientationPortrait";
				INFOPLIST_KEY_UISupportedInterfaceOrientations_iPad = "UIInterfaceOrientationLandscapeLeft UIInterfaceOrientationLandscapeRight UIInterfaceOrientationPortrait UIInterfaceOrientationPortraitUpsideDown";
				INFOPLIST_KEY_UIUserInterfaceStyle = Light;
				LD_RUNPATH_SEARCH_PATHS = (
					"$(inherited)",
					"@executable_path/Frameworks",
				);
				MARKETING_VERSION = 1.0;
				PRODUCT_BUNDLE_IDENTIFIER = com.russtech.AnimalQuiz;
				PRODUCT_NAME = "$(TARGET_NAME)";
				SWIFT_EMIT_LOC_STRINGS = YES;
				SWIFT_VERSION = 6.0;
				TARGETED_DEVICE_FAMILY = "1,2";
			};
			name = Debug;
		};
		53AA04AB2D72854C00D8D0D6 /* Release */ = {
			isa = XCBuildConfiguration;
			buildSettings = {
				ASSETCATALOG_COMPILER_APPICON_NAME = AppIcon;
				ASSETCATALOG_COMPILER_GLOBAL_ACCENT_COLOR_NAME = AccentColor;
				CODE_SIGN_STYLE = Automatic;
				CURRENT_PROJECT_VERSION = 1;
				DEVELOPMENT_ASSET_PATHS = "\"AnimalQuiz/Preview Content\"";
				DEVELOPMENT_TEAM = APQQ8NFXX7;
				ENABLE_PREVIEWS = YES;
				GENERATE_INFOPLIST_FILE = YES;
				INFOPLIST_KEY_UIApplicationSceneManifest_Generation = YES;
				INFOPLIST_KEY_UIApplicationSupportsIndirectInputEvents = YES;
				INFOPLIST_KEY_UILaunchScreen_Generation = YES;
				INFOPLIST_KEY_UILaunchStoryboardName = LaunchScreen;
				INFOPLIST_KEY_UISupportedInterfaceOrientations = "UIInterfaceOrientationLandscapeLeft UIInterfaceOrientationLandscapeRight UIInterfaceOrientationPortrait";
				INFOPLIST_KEY_UISupportedInterfaceOrientations_iPad = "UIInterfaceOrientationLandscapeLeft UIInterfaceOrientationLandscapeRight UIInterfaceOrientationPortrait UIInterfaceOrientationPortraitUpsideDown";
				INFOPLIST_KEY_UIUserInterfaceStyle = Light;
				LD_RUNPATH_SEARCH_PATHS = (
					"$(inherited)",
					"@executable_path/Frameworks",
				);
				MARKETING_VERSION = 1.0;
				PRODUCT_BUNDLE_IDENTIFIER = com.russtech.AnimalQuiz;
				PRODUCT_NAME = "$(TARGET_NAME)";
				SWIFT_EMIT_LOC_STRINGS = YES;
				SWIFT_VERSION = 6.0;
				TARGETED_DEVICE_FAMILY = "1,2";
			};
			name = Release;
		};
		53AA04AD2D72854C00D8D0D6 /* Debug */ = {
			isa = XCBuildConfiguration;
			buildSettings = {
				BUNDLE_LOADER = "$(TEST_HOST)";
				CODE_SIGN_STYLE = Automatic;
				CURRENT_PROJECT_VERSION = 1;
				DEVELOPMENT_TEAM = APQQ8NFXX7;
				GENERATE_INFOPLIST_FILE = YES;
				IPHONEOS_DEPLOYMENT_TARGET = 18.2;
				MARKETING_VERSION = 1.0;
				PRODUCT_BUNDLE_IDENTIFIER = com.russtech.AnimalQuizTests;
				PRODUCT_NAME = "$(TARGET_NAME)";
				SWIFT_EMIT_LOC_STRINGS = NO;
				SWIFT_VERSION = 6.0;
				TARGETED_DEVICE_FAMILY = "1,2";
				TEST_HOST = "$(BUILT_PRODUCTS_DIR)/AnimalQuiz.app/$(BUNDLE_EXECUTABLE_FOLDER_PATH)/AnimalQuiz";
			};
			name = Debug;
		};
		53AA04AE2D72854C00D8D0D6 /* Release */ = {
			isa = XCBuildConfiguration;
			buildSettings = {
				BUNDLE_LOADER = "$(TEST_HOST)";
				CODE_SIGN_STYLE = Automatic;
				CURRENT_PROJECT_VERSION = 1;
				DEVELOPMENT_TEAM = APQQ8NFXX7;
				GENERATE_INFOPLIST_FILE = YES;
				IPHONEOS_DEPLOYMENT_TARGET = 18.2;
				MARKETING_VERSION = 1.0;
				PRODUCT_BUNDLE_IDENTIFIER = com.russtech.AnimalQuizTests;
				PRODUCT_NAME = "$(TARGET_NAME)";
				SWIFT_EMIT_LOC_STRINGS = NO;
				SWIFT_VERSION = 6.0;
				TARGETED_DEVICE_FAMILY = "1,2";
				TEST_HOST = "$(BUILT_PRODUCTS_DIR)/AnimalQuiz.app/$(BUNDLE_EXECUTABLE_FOLDER_PATH)/AnimalQuiz";
			};
			name = Release;
		};
		53AA04B02D72854C00D8D0D6 /* Debug */ = {
			isa = XCBuildConfiguration;
			buildSettings = {
				CODE_SIGN_STYLE = Automatic;
				CURRENT_PROJECT_VERSION = 1;
				DEVELOPMENT_TEAM = APQQ8NFXX7;
				GENERATE_INFOPLIST_FILE = YES;
				MARKETING_VERSION = 1.0;
				PRODUCT_BUNDLE_IDENTIFIER = com.russtech.AnimalQuizUITests;
				PRODUCT_NAME = "$(TARGET_NAME)";
				SWIFT_EMIT_LOC_STRINGS = NO;
				SWIFT_VERSION = 6.0;
				TARGETED_DEVICE_FAMILY = "1,2";
				TEST_TARGET_NAME = AnimalQuiz;
			};
			name = Debug;
		};
		53AA04B12D72854C00D8D0D6 /* Release */ = {
			isa = XCBuildConfiguration;
			buildSettings = {
				CODE_SIGN_STYLE = Automatic;
				CURRENT_PROJECT_VERSION = 1;
				DEVELOPMENT_TEAM = APQQ8NFXX7;
				GENERATE_INFOPLIST_FILE = YES;
				MARKETING_VERSION = 1.0;
				PRODUCT_BUNDLE_IDENTIFIER = com.russtech.AnimalQuizUITests;
				PRODUCT_NAME = "$(TARGET_NAME)";
				SWIFT_EMIT_LOC_STRINGS = NO;
				SWIFT_VERSION = 6.0;
				TARGETED_DEVICE_FAMILY = "1,2";
				TEST_TARGET_NAME = AnimalQuiz;
			};
			name = Release;
		};
/* End XCBuildConfiguration section */

/* Begin XCConfigurationList section */
		53AA04802D72854900D8D0D6 /* Build configuration list for PBXProject "AnimalQuiz" */ = {
			isa = XCConfigurationList;
			buildConfigurations = (
				53AA04A72D72854C00D8D0D6 /* Debug */,
				53AA04A82D72854C00D8D0D6 /* Release */,
			);
			defaultConfigurationIsVisible = 0;
			defaultConfigurationName = Release;
		};
		53AA04A92D72854C00D8D0D6 /* Build configuration list for PBXNativeTarget "AnimalQuiz" */ = {
			isa = XCConfigurationList;
			buildConfigurations = (
				53AA04AA2D72854C00D8D0D6 /* Debug */,
				53AA04AB2D72854C00D8D0D6 /* Release */,
			);
			defaultConfigurationIsVisible = 0;
			defaultConfigurationName = Release;
		};
		53AA04AC2D72854C00D8D0D6 /* Build configuration list for PBXNativeTarget "AnimalQuizTests" */ = {
			isa = XCConfigurationList;
			buildConfigurations = (
				53AA04AD2D72854C00D8D0D6 /* Debug */,
				53AA04AE2D72854C00D8D0D6 /* Release */,
			);
			defaultConfigurationIsVisible = 0;
			defaultConfigurationName = Release;
		};
		53AA04AF2D72854C00D8D0D6 /* Build configuration list for PBXNativeTarget "AnimalQuizUITests" */ = {
			isa = XCConfigurationList;
			buildConfigurations = (
				53AA04B02D72854C00D8D0D6 /* Debug */,
				53AA04B12D72854C00D8D0D6 /* Release */,
			);
			defaultConfigurationIsVisible = 0;
			defaultConfigurationName = Release;
		};
/* End XCConfigurationList section */

/* Begin XCRemoteSwiftPackageReference section */
		53AA04B22D72CCDC00D8D0D6 /* XCRemoteSwiftPackageReference "SwiftLintPlugins" */ = {
			isa = XCRemoteSwiftPackageReference;
			repositoryURL = "https://github.com/SimplyDanny/SwiftLintPlugins";
			requirement = {
				kind = upToNextMajorVersion;
				minimumVersion = 0.58.2;
			};
		};
/* End XCRemoteSwiftPackageReference section */

/* Begin XCSwiftPackageProductDependency section */
		53AA04B32D72CD0600D8D0D6 /* SwiftLintBuildToolPlugin */ = {
			isa = XCSwiftPackageProductDependency;
			package = 53AA04B22D72CCDC00D8D0D6 /* XCRemoteSwiftPackageReference "SwiftLintPlugins" */;
			productName = "plugin:SwiftLintBuildToolPlugin";
		};
		53AA04B52D72CD2200D8D0D6 /* SwiftLintBuildToolPlugin */ = {
			isa = XCSwiftPackageProductDependency;
			package = 53AA04B22D72CCDC00D8D0D6 /* XCRemoteSwiftPackageReference "SwiftLintPlugins" */;
			productName = "plugin:SwiftLintBuildToolPlugin";
		};
		53AA04B72D72CD2900D8D0D6 /* SwiftLintBuildToolPlugin */ = {
			isa = XCSwiftPackageProductDependency;
			package = 53AA04B22D72CCDC00D8D0D6 /* XCRemoteSwiftPackageReference "SwiftLintPlugins" */;
			productName = "plugin:SwiftLintBuildToolPlugin";
		};
/* End XCSwiftPackageProductDependency section */
	};
	rootObject = 53AA047D2D72854900D8D0D6 /* Project object */;
}
